// !$*UTF8*$!
{
	archiveVersion = 1;
	classes = {
	};
	objectVersion = 56;
	objects = {

/* Begin PBXFileReference section */
		5D168D482A5DFCDB00C3CE5D /* binary_search.cpp */ = {isa = PBXFileReference; lastKnownFileType = sourcecode.cpp.cpp; path = binary_search.cpp; sourceTree = "<group>"; };
/* End PBXFileReference section */

/* Begin PBXGroup section */
		5D168D412A5DFCA700C3CE5D = {
			isa = PBXGroup;
			children = (
				5D168D482A5DFCDB00C3CE5D /* binary_search.cpp */,
			);
			sourceTree = "<group>";
		};
/* End PBXGroup section */

/* Begin PBXProject section */
		5D168D422A5DFCA700C3CE5D /* Project object */ = {
			isa = PBXProject;
			attributes = {
				BuildIndependentTargetsInParallel = 1;
				LastUpgradeCheck = 1430;
			};
			buildConfigurationList = 5D168D452A5DFCA700C3CE5D /* Build configuration list for PBXProject "data_structures" */;
			compatibilityVersion = "Xcode 14.0";
			developmentRegion = en;
			hasScannedForEncodings = 0;
			knownRegions = (
				en,
				Base,
			);
			mainGroup = 5D168D412A5DFCA700C3CE5D;
			projectDirPath = "";
			projectRoot = "";
			targets = (
			);
		};
/* End PBXProject section */

/* Begin XCBuildConfiguration section */
		5D168D462A5DFCA700C3CE5D /* Debug */ = {
			isa = XCBuildConfiguration;
			buildSettings = {
			};
			name = Debug;
		};
		5D168D472A5DFCA700C3CE5D /* Release */ = {
			isa = XCBuildConfiguration;
			buildSettings = {
			};
			name = Release;
		};
/* End XCBuildConfiguration section */

/* Begin XCConfigurationList section */
		5D168D452A5DFCA700C3CE5D /* Build configuration list for PBXProject "data_structures" */ = {
			isa = XCConfigurationList;
			buildConfigurations = (
				5D168D462A5DFCA700C3CE5D /* Debug */,
				5D168D472A5DFCA700C3CE5D /* Release */,
			);
			defaultConfigurationIsVisible = 0;
			defaultConfigurationName = Release;
		};
/* End XCConfigurationList section */
	};
	rootObject = 5D168D422A5DFCA700C3CE5D /* Project object */;
}
